# THIS IS AN AUTOGENERATED FILE. DO NOT EDIT THIS FILE DIRECTLY.
# yarn lockfile v1


"@babel/runtime@^7.18.3":
  version "7.18.3"
  resolved "https://registry.yarnpkg.com/@babel/runtime/-/runtime-7.18.3.tgz#c7b654b57f6f63cf7f8b418ac9ca04408c4579f4"
  integrity sha512-38Y8f7YUhce/K7RMwTp7m0uCumpv9hZkitCbBClqQIow1qSbCvGkcegKOXpEWCQLfWmevgRiWokZ1GkpfhbZug==
  dependencies:
    regenerator-runtime "^0.13.4"

"@polkadot/util@^9.4.1":
  version "9.4.1"
  resolved "https://registry.yarnpkg.com/@polkadot/util/-/util-9.4.1.tgz#49446e88b1231b0716bf6b4eb4818145f08a1294"
  integrity sha512-z0HcnIe3zMWyK1s09wQIwc1M8gDKygSF9tDAbC8H9KDeIRZB2ldhwWEFx/1DJGOgFFrmRfkxeC6dcDpfzQhFow==
  dependencies:
    "@babel/runtime" "^7.18.3"
    "@polkadot/x-bigint" "9.4.1"
    "@polkadot/x-global" "9.4.1"
    "@polkadot/x-textdecoder" "9.4.1"
    "@polkadot/x-textencoder" "9.4.1"
    "@types/bn.js" "^5.1.0"
    bn.js "^5.2.1"
    ip-regex "^4.3.0"

"@polkadot/x-bigint@9.4.1":
  version "9.4.1"
  resolved "https://registry.yarnpkg.com/@polkadot/x-bigint/-/x-bigint-9.4.1.tgz#0a7c6b5743a6fb81ab6a1c3a48a584e774c37910"
  integrity sha512-KlbXboegENoyrpjj+eXfY13vsqrXgk4620zCAUhKNH622ogdvAepHbY/DpV6w0FLEC6MwN9zd5cRuDBEXVeWiw==
  dependencies:
    "@babel/runtime" "^7.18.3"
    "@polkadot/x-global" "9.4.1"

"@polkadot/x-global@9.4.1":
  version "9.4.1"
  resolved "https://registry.yarnpkg.com/@polkadot/x-global/-/x-global-9.4.1.tgz#3bd44862ea2b7e0fb2de766dfa4d56bb46d19e17"
  integrity sha512-eN4oZeRdIKQeUPNN7OtH5XeYp349d8V9+gW6W0BmCfB2lTg8TDlG1Nj+Cyxpjl9DNF5CiKudTq72zr0dDSRbwA==
  dependencies:
    "@babel/runtime" "^7.18.3"

"@polkadot/x-textdecoder@9.4.1":
  version "9.4.1"
  resolved "https://registry.yarnpkg.com/@polkadot/x-textdecoder/-/x-textdecoder-9.4.1.tgz#1d891b82f4192d92dd373d14ea4b5654d0130484"
  integrity sha512-yLulcgVASFUBJqrvS6Ssy0ko9teAfbu1ajH0r3Jjnqkpmmz2DJ1CS7tAktVa7THd4GHPGeKAVfxl+BbV/LZl+w==
  dependencies:
    "@babel/runtime" "^7.18.3"
    "@polkadot/x-global" "9.4.1"

"@polkadot/x-textencoder@9.4.1":
  version "9.4.1"
  resolved "https://registry.yarnpkg.com/@polkadot/x-textencoder/-/x-textencoder-9.4.1.tgz#09c47727d7713884cf82fd773e478487fe39d479"
  integrity sha512-/47wa31jBa43ULqMO60vzcJigTG+ZAGNcyT5r6hFLrQzRzc8nIBjIOD8YWtnKM92r9NvlNv2wJhdamqyU0mntg==
  dependencies:
    "@babel/runtime" "^7.18.3"
    "@polkadot/x-global" "9.4.1"

"@types/bn.js@^5.1.0":
  version "5.1.0"
  resolved "https://registry.yarnpkg.com/@types/bn.js/-/bn.js-5.1.0.tgz#32c5d271503a12653c62cf4d2b45e6eab8cebc68"
  integrity sha512-QSSVYj7pYFN49kW77o2s9xTCwZ8F2xLbjLLSEVh8D2F4JUhZtPAGOFLTD+ffqksBx/u4cE/KImFjyhqCjn/LIA==
  dependencies:
    "@types/node" "*"

"@types/node@*":
  version "18.0.0"
  resolved "https://registry.yarnpkg.com/@types/node/-/node-18.0.0.tgz#67c7b724e1bcdd7a8821ce0d5ee184d3b4dd525a"
  integrity sha512-cHlGmko4gWLVI27cGJntjs/Sj8th9aYwplmZFwmmgYQQvL5NUsgVJG7OddLvNfLqYS31KFN0s3qlaD9qCaxACA==

bn.js@^5.2.1:
  version "5.2.1"
  resolved "https://registry.yarnpkg.com/bn.js/-/bn.js-5.2.1.tgz#0bc527a6a0d18d0aa8d5b0538ce4a77dccfa7b70"
  integrity sha512-eXRvHzWyYPBuB4NBy0cmYQjGitUrtqwbvlzP3G6VFnNRbsZQIxQ10PbKKHt8gZ/HW/D/747aDl+QkDqg3KQLMQ==

ip-regex@^4.3.0:
  version "4.3.0"
  resolved "https://registry.yarnpkg.com/ip-regex/-/ip-regex-4.3.0.tgz#687275ab0f57fa76978ff8f4dddc8a23d5990db5"
  integrity sha512-B9ZWJxHHOHUhUjCPrMpLD4xEq35bUTClHM1S6CBU5ixQnkZmwipwgc96vAd7AAGM9TGHvJR+Uss+/Ak6UphK+Q==

regenerator-runtime@^0.13.4:
  version "0.13.9"
  resolved "https://registry.yarnpkg.com/regenerator-runtime/-/regenerator-runtime-0.13.9.tgz#8925742a98ffd90814988d7566ad30ca3b263b52"
  integrity sha512-p3VT+cOEgxFsRRA9X4lkI1E+k2/CtnKtU4gcxyaCUreilL/vqI6CdZ3wxVUx3UOUg+gnUOQQcRI7BmSI656MYA==
